// !$*UTF8*$!
{
	archiveVersion = 1;
	classes = {
	};
	objectVersion = 46;
	objects = {

/* Begin PBXBuildFile section */
		17213A2C1AA92032000EDF66 /* RestaurantTableViewCell.m in Sources */ = {isa = PBXBuildFile; fileRef = 17213A2B1AA92032000EDF66 /* RestaurantTableViewCell.m */; };
		17213A301AA923EA000EDF66 /* RestaurantsTableViewController.m in Sources */ = {isa = PBXBuildFile; fileRef = 17213A2F1AA923EA000EDF66 /* RestaurantsTableViewController.m */; };
		17213A331AA9251B000EDF66 /* Restaurants.m in Sources */ = {isa = PBXBuildFile; fileRef = 17213A321AA9251B000EDF66 /* Restaurants.m */; };
		17C99A611AE0A312005B84C5 /* libicucore.dylib in Frameworks */ = {isa = PBXBuildFile; fileRef = 17C99A601AE0A312005B84C5 /* libicucore.dylib */; };
		17C99A631AE0A323005B84C5 /* CFNetwork.framework in Frameworks */ = {isa = PBXBuildFile; fileRef = 17C99A621AE0A323005B84C5 /* CFNetwork.framework */; };
		17C99A651AE0A32C005B84C5 /* Security.framework in Frameworks */ = {isa = PBXBuildFile; fileRef = 17C99A641AE0A32C005B84C5 /* Security.framework */; };
		17C99A671AE0A334005B84C5 /* Foundation.framework in Frameworks */ = {isa = PBXBuildFile; fileRef = 17C99A661AE0A334005B84C5 /* Foundation.framework */; };
		17C99A6A1AE0A442005B84C5 /* Main.storyboard in Resources */ = {isa = PBXBuildFile; fileRef = 17C99A681AE0A442005B84C5 /* Main.storyboard */; };
		932367D81AA3E2AD00D4322A /* ReviewOrderViewController.m in Sources */ = {isa = PBXBuildFile; fileRef = 932367D71AA3E2AD00D4322A /* ReviewOrderViewController.m */; };
		932367DB1AA5971B00D4322A /* OrderStatusViewController.m in Sources */ = {isa = PBXBuildFile; fileRef = 932367DA1AA5971B00D4322A /* OrderStatusViewController.m */; };
		935030001A9C499D0032A622 /* RestaurantLandingPageViewController.m in Sources */ = {isa = PBXBuildFile; fileRef = 93502FFF1A9C499D0032A622 /* RestaurantLandingPageViewController.m */; };
		9363686E1A7B3FFE00CD9042 /* Order.m in Sources */ = {isa = PBXBuildFile; fileRef = 9363686D1A7B3FFE00CD9042 /* Order.m */; };
		936368761A7B4AED00CD9042 /* MenuItem.m in Sources */ = {isa = PBXBuildFile; fileRef = 936368751A7B4AED00CD9042 /* MenuItem.m */; };
		9363687C1A7B53E500CD9042 /* User.m in Sources */ = {isa = PBXBuildFile; fileRef = 9363687B1A7B53E500CD9042 /* User.m */; };
		9363687F1A7B543800CD9042 /* Group.m in Sources */ = {isa = PBXBuildFile; fileRef = 9363687E1A7B543800CD9042 /* Group.m */; };
		936368821A7EFF5900CD9042 /* Menu.m in Sources */ = {isa = PBXBuildFile; fileRef = 936368811A7EFF5900CD9042 /* Menu.m */; };
		937033AB1A338DDF00BE3D60 /* main.m in Sources */ = {isa = PBXBuildFile; fileRef = 937033AA1A338DDF00BE3D60 /* main.m */; };
		937033AE1A338DDF00BE3D60 /* AppDelegate.m in Sources */ = {isa = PBXBuildFile; fileRef = 937033AD1A338DDF00BE3D60 /* AppDelegate.m */; };
		937033B61A338DDF00BE3D60 /* Images.xcassets in Resources */ = {isa = PBXBuildFile; fileRef = 937033B51A338DDF00BE3D60 /* Images.xcassets */; };
		937033B91A338DDF00BE3D60 /* LaunchScreen.xib in Resources */ = {isa = PBXBuildFile; fileRef = 937033B71A338DDF00BE3D60 /* LaunchScreen.xib */; };
		937033C51A338DDF00BE3D60 /* OrderlyTests.m in Sources */ = {isa = PBXBuildFile; fileRef = 937033C41A338DDF00BE3D60 /* OrderlyTests.m */; };
		93BC50B21A848C1800703156 /* SearchRestaurantsViewController.m in Sources */ = {isa = PBXBuildFile; fileRef = 93BC50B11A848C1800703156 /* SearchRestaurantsViewController.m */; };
		93BC50BB1A94541F00703156 /* MenuTableViewController.m in Sources */ = {isa = PBXBuildFile; fileRef = 93BC50BA1A94541F00703156 /* MenuTableViewController.m */; };
		93CAAC0D1AE08D2600094F3C /* SocketIOConnection.m in Sources */ = {isa = PBXBuildFile; fileRef = 93CAAC081AE08D2600094F3C /* SocketIOConnection.m */; };
		93CAAC0E1AE08D2600094F3C /* SIOSocket.m in Sources */ = {isa = PBXBuildFile; fileRef = 93CAAC0A1AE08D2600094F3C /* SIOSocket.m */; };
		93CAAC0F1AE08D2600094F3C /* SRWebSocket.m in Sources */ = {isa = PBXBuildFile; fileRef = 93CAAC0C1AE08D2600094F3C /* SRWebSocket.m */; };
/* End PBXBuildFile section */

/* Begin PBXContainerItemProxy section */
		937033BF1A338DDF00BE3D60 /* PBXContainerItemProxy */ = {
			isa = PBXContainerItemProxy;
			containerPortal = 9370339D1A338DDE00BE3D60 /* Project object */;
			proxyType = 1;
			remoteGlobalIDString = 937033A41A338DDE00BE3D60;
			remoteInfo = Orderly;
		};
/* End PBXContainerItemProxy section */

/* Begin PBXFileReference section */
		17213A2A1AA91F6D000EDF66 /* RestaurantTableViewCell.h */ = {isa = PBXFileReference; fileEncoding = 4; lastKnownFileType = sourcecode.c.h; path = RestaurantTableViewCell.h; sourceTree = "<group>"; };
		17213A2B1AA92032000EDF66 /* RestaurantTableViewCell.m */ = {isa = PBXFileReference; fileEncoding = 4; lastKnownFileType = sourcecode.c.objc; path = RestaurantTableViewCell.m; sourceTree = "<group>"; };
		17213A2E1AA923DA000EDF66 /* RestaurantsTableViewController.h */ = {isa = PBXFileReference; fileEncoding = 4; lastKnownFileType = sourcecode.c.h; path = RestaurantsTableViewController.h; sourceTree = "<group>"; };
		17213A2F1AA923EA000EDF66 /* RestaurantsTableViewController.m */ = {isa = PBXFileReference; fileEncoding = 4; lastKnownFileType = sourcecode.c.objc; path = RestaurantsTableViewController.m; sourceTree = "<group>"; };
		17213A311AA924C1000EDF66 /* Restaurants.h */ = {isa = PBXFileReference; fileEncoding = 4; lastKnownFileType = sourcecode.c.h; path = Restaurants.h; sourceTree = "<group>"; };
		17213A321AA9251B000EDF66 /* Restaurants.m */ = {isa = PBXFileReference; fileEncoding = 4; lastKnownFileType = sourcecode.c.objc; path = Restaurants.m; sourceTree = "<group>"; };
		17C99A5F1AE0A0AB005B84C5 /* socket.io.js.h */ = {isa = PBXFileReference; fileEncoding = 4; lastKnownFileType = sourcecode.c.h; path = socket.io.js.h; sourceTree = "<group>"; };
		17C99A601AE0A312005B84C5 /* libicucore.dylib */ = {isa = PBXFileReference; lastKnownFileType = "compiled.mach-o.dylib"; name = libicucore.dylib; path = usr/lib/libicucore.dylib; sourceTree = SDKROOT; };
		17C99A621AE0A323005B84C5 /* CFNetwork.framework */ = {isa = PBXFileReference; lastKnownFileType = wrapper.framework; name = CFNetwork.framework; path = System/Library/Frameworks/CFNetwork.framework; sourceTree = SDKROOT; };
		17C99A641AE0A32C005B84C5 /* Security.framework */ = {isa = PBXFileReference; lastKnownFileType = wrapper.framework; name = Security.framework; path = System/Library/Frameworks/Security.framework; sourceTree = SDKROOT; };
		17C99A661AE0A334005B84C5 /* Foundation.framework */ = {isa = PBXFileReference; lastKnownFileType = wrapper.framework; name = Foundation.framework; path = System/Library/Frameworks/Foundation.framework; sourceTree = SDKROOT; };
		17C99A691AE0A442005B84C5 /* Base */ = {isa = PBXFileReference; lastKnownFileType = file.storyboard; name = Base; path = Orderly/Base.lproj/Main.storyboard; sourceTree = "<group>"; };
		932367D61AA3E2AD00D4322A /* ReviewOrderViewController.h */ = {isa = PBXFileReference; fileEncoding = 4; lastKnownFileType = sourcecode.c.h; path = ReviewOrderViewController.h; sourceTree = "<group>"; };
		932367D71AA3E2AD00D4322A /* ReviewOrderViewController.m */ = {isa = PBXFileReference; fileEncoding = 4; lastKnownFileType = sourcecode.c.objc; path = ReviewOrderViewController.m; sourceTree = "<group>"; };
		932367D91AA5971B00D4322A /* OrderStatusViewController.h */ = {isa = PBXFileReference; fileEncoding = 4; lastKnownFileType = sourcecode.c.h; path = OrderStatusViewController.h; sourceTree = "<group>"; };
		932367DA1AA5971B00D4322A /* OrderStatusViewController.m */ = {isa = PBXFileReference; fileEncoding = 4; lastKnownFileType = sourcecode.c.objc; path = OrderStatusViewController.m; sourceTree = "<group>"; };
		93502FFE1A9C499D0032A622 /* RestaurantLandingPageViewController.h */ = {isa = PBXFileReference; fileEncoding = 4; lastKnownFileType = sourcecode.c.h; path = RestaurantLandingPageViewController.h; sourceTree = "<group>"; };
		93502FFF1A9C499D0032A622 /* RestaurantLandingPageViewController.m */ = {isa = PBXFileReference; fileEncoding = 4; lastKnownFileType = sourcecode.c.objc; path = RestaurantLandingPageViewController.m; sourceTree = "<group>"; };
		9363686C1A7B3FFE00CD9042 /* Order.h */ = {isa = PBXFileReference; fileEncoding = 4; lastKnownFileType = sourcecode.c.h; path = Order.h; sourceTree = "<group>"; };
		9363686D1A7B3FFE00CD9042 /* Order.m */ = {isa = PBXFileReference; fileEncoding = 4; lastKnownFileType = sourcecode.c.objc; path = Order.m; sourceTree = "<group>"; };
		936368741A7B4AED00CD9042 /* MenuItem.h */ = {isa = PBXFileReference; fileEncoding = 4; lastKnownFileType = sourcecode.c.h; path = MenuItem.h; sourceTree = "<group>"; };
		936368751A7B4AED00CD9042 /* MenuItem.m */ = {isa = PBXFileReference; fileEncoding = 4; lastKnownFileType = sourcecode.c.objc; path = MenuItem.m; sourceTree = "<group>"; };
		9363687A1A7B53E500CD9042 /* User.h */ = {isa = PBXFileReference; fileEncoding = 4; lastKnownFileType = sourcecode.c.h; path = User.h; sourceTree = "<group>"; };
		9363687B1A7B53E500CD9042 /* User.m */ = {isa = PBXFileReference; fileEncoding = 4; lastKnownFileType = sourcecode.c.objc; path = User.m; sourceTree = "<group>"; };
		9363687D1A7B543800CD9042 /* Group.h */ = {isa = PBXFileReference; fileEncoding = 4; lastKnownFileType = sourcecode.c.h; path = Group.h; sourceTree = "<group>"; };
		9363687E1A7B543800CD9042 /* Group.m */ = {isa = PBXFileReference; fileEncoding = 4; lastKnownFileType = sourcecode.c.objc; path = Group.m; sourceTree = "<group>"; };
		936368801A7EFF5900CD9042 /* Menu.h */ = {isa = PBXFileReference; fileEncoding = 4; lastKnownFileType = sourcecode.c.h; path = Menu.h; sourceTree = "<group>"; };
		936368811A7EFF5900CD9042 /* Menu.m */ = {isa = PBXFileReference; fileEncoding = 4; lastKnownFileType = sourcecode.c.objc; path = Menu.m; sourceTree = "<group>"; };
		937033A51A338DDF00BE3D60 /* OmniSplit.app */ = {isa = PBXFileReference; explicitFileType = wrapper.application; includeInIndex = 0; path = OmniSplit.app; sourceTree = BUILT_PRODUCTS_DIR; };
		937033A91A338DDF00BE3D60 /* Info.plist */ = {isa = PBXFileReference; lastKnownFileType = text.plist.xml; path = Info.plist; sourceTree = "<group>"; };
		937033AA1A338DDF00BE3D60 /* main.m */ = {isa = PBXFileReference; lastKnownFileType = sourcecode.c.objc; path = main.m; sourceTree = "<group>"; };
		937033AC1A338DDF00BE3D60 /* AppDelegate.h */ = {isa = PBXFileReference; lastKnownFileType = sourcecode.c.h; path = AppDelegate.h; sourceTree = "<group>"; };
		937033AD1A338DDF00BE3D60 /* AppDelegate.m */ = {isa = PBXFileReference; lastKnownFileType = sourcecode.c.objc; path = AppDelegate.m; sourceTree = "<group>"; };
		937033B31A338DDF00BE3D60 /* Base */ = {isa = PBXFileReference; lastKnownFileType = text.xml; name = Base; path = Base.lproj/Main.storyboard; sourceTree = "<group>"; };
		937033B51A338DDF00BE3D60 /* Images.xcassets */ = {isa = PBXFileReference; lastKnownFileType = folder; path = Images.xcassets; sourceTree = "<group>"; };
		937033B81A338DDF00BE3D60 /* Base */ = {isa = PBXFileReference; lastKnownFileType = file.xib; name = Base; path = Base.lproj/LaunchScreen.xib; sourceTree = "<group>"; };
		937033BE1A338DDF00BE3D60 /* OmniSplitTests.xctest */ = {isa = PBXFileReference; explicitFileType = wrapper.cfbundle; includeInIndex = 0; path = OmniSplitTests.xctest; sourceTree = BUILT_PRODUCTS_DIR; };
		937033C31A338DDF00BE3D60 /* Info.plist */ = {isa = PBXFileReference; lastKnownFileType = text.plist.xml; path = Info.plist; sourceTree = "<group>"; };
		937033C41A338DDF00BE3D60 /* OrderlyTests.m */ = {isa = PBXFileReference; lastKnownFileType = sourcecode.c.objc; path = OrderlyTests.m; sourceTree = "<group>"; };
		93BC50B01A848C1800703156 /* SearchRestaurantsViewController.h */ = {isa = PBXFileReference; fileEncoding = 4; lastKnownFileType = sourcecode.c.h; path = SearchRestaurantsViewController.h; sourceTree = "<group>"; };
		93BC50B11A848C1800703156 /* SearchRestaurantsViewController.m */ = {isa = PBXFileReference; fileEncoding = 4; lastKnownFileType = sourcecode.c.objc; path = SearchRestaurantsViewController.m; sourceTree = "<group>"; };
		93BC50B91A94541F00703156 /* MenuTableViewController.h */ = {isa = PBXFileReference; fileEncoding = 4; lastKnownFileType = sourcecode.c.h; path = MenuTableViewController.h; sourceTree = "<group>"; };
		93BC50BA1A94541F00703156 /* MenuTableViewController.m */ = {isa = PBXFileReference; fileEncoding = 4; lastKnownFileType = sourcecode.c.objc; path = MenuTableViewController.m; sourceTree = "<group>"; };
		93CAAC071AE08D2600094F3C /* SocketIOConnection.h */ = {isa = PBXFileReference; fileEncoding = 4; lastKnownFileType = sourcecode.c.h; name = SocketIOConnection.h; path = ../SocketIOConnection.h; sourceTree = "<group>"; };
		93CAAC081AE08D2600094F3C /* SocketIOConnection.m */ = {isa = PBXFileReference; fileEncoding = 4; lastKnownFileType = sourcecode.c.objc; name = SocketIOConnection.m; path = ../SocketIOConnection.m; sourceTree = "<group>"; };
		93CAAC091AE08D2600094F3C /* SIOSocket.h */ = {isa = PBXFileReference; fileEncoding = 4; lastKnownFileType = sourcecode.c.h; path = SIOSocket.h; sourceTree = "<group>"; };
		93CAAC0A1AE08D2600094F3C /* SIOSocket.m */ = {isa = PBXFileReference; fileEncoding = 4; lastKnownFileType = sourcecode.c.objc; path = SIOSocket.m; sourceTree = "<group>"; };
		93CAAC0B1AE08D2600094F3C /* SRWebSocket.h */ = {isa = PBXFileReference; fileEncoding = 4; lastKnownFileType = sourcecode.c.h; path = SRWebSocket.h; sourceTree = "<group>"; };
		93CAAC0C1AE08D2600094F3C /* SRWebSocket.m */ = {isa = PBXFileReference; fileEncoding = 4; lastKnownFileType = sourcecode.c.objc; path = SRWebSocket.m; sourceTree = "<group>"; };
/* End PBXFileReference section */

/* Begin PBXFrameworksBuildPhase section */
		937033A21A338DDE00BE3D60 /* Frameworks */ = {
			isa = PBXFrameworksBuildPhase;
			buildActionMask = 2147483647;
			files = (
				17C99A671AE0A334005B84C5 /* Foundation.framework in Frameworks */,
				17C99A651AE0A32C005B84C5 /* Security.framework in Frameworks */,
				17C99A631AE0A323005B84C5 /* CFNetwork.framework in Frameworks */,
				17C99A611AE0A312005B84C5 /* libicucore.dylib in Frameworks */,
			);
			runOnlyForDeploymentPostprocessing = 0;
		};
		937033BB1A338DDF00BE3D60 /* Frameworks */ = {
			isa = PBXFrameworksBuildPhase;
			buildActionMask = 2147483647;
			files = (
			);
			runOnlyForDeploymentPostprocessing = 0;
		};
/* End PBXFrameworksBuildPhase section */

/* Begin PBXGroup section */
		9370339C1A338DDE00BE3D60 = {
			isa = PBXGroup;
			children = (
				17C99A681AE0A442005B84C5 /* Main.storyboard */,
				17C99A661AE0A334005B84C5 /* Foundation.framework */,
				17C99A641AE0A32C005B84C5 /* Security.framework */,
				17C99A621AE0A323005B84C5 /* CFNetwork.framework */,
				17C99A601AE0A312005B84C5 /* libicucore.dylib */,
				17C99A5F1AE0A0AB005B84C5 /* socket.io.js.h */,
				93CAAC091AE08D2600094F3C /* SIOSocket.h */,
				93CAAC0A1AE08D2600094F3C /* SIOSocket.m */,
				93CAAC0B1AE08D2600094F3C /* SRWebSocket.h */,
				93CAAC0C1AE08D2600094F3C /* SRWebSocket.m */,
				937033A71A338DDF00BE3D60 /* Orderly */,
				937033C11A338DDF00BE3D60 /* OrderlyTests */,
				937033A61A338DDF00BE3D60 /* Products */,
			);
			sourceTree = "<group>";
		};
		937033A61A338DDF00BE3D60 /* Products */ = {
			isa = PBXGroup;
			children = (
				937033A51A338DDF00BE3D60 /* OmniSplit.app */,
				937033BE1A338DDF00BE3D60 /* OmniSplitTests.xctest */,
			);
			name = Products;
			sourceTree = "<group>";
		};
		937033A71A338DDF00BE3D60 /* Orderly */ = {
			isa = PBXGroup;
			children = (
				93CAAC071AE08D2600094F3C /* SocketIOConnection.h */,
				93CAAC081AE08D2600094F3C /* SocketIOConnection.m */,
				93BC50B01A848C1800703156 /* SearchRestaurantsViewController.h */,
				93BC50B11A848C1800703156 /* SearchRestaurantsViewController.m */,
				93502FFE1A9C499D0032A622 /* RestaurantLandingPageViewController.h */,
				93502FFF1A9C499D0032A622 /* RestaurantLandingPageViewController.m */,
				93BC50B91A94541F00703156 /* MenuTableViewController.h */,
				93BC50BA1A94541F00703156 /* MenuTableViewController.m */,
				932367D61AA3E2AD00D4322A /* ReviewOrderViewController.h */,
				932367D71AA3E2AD00D4322A /* ReviewOrderViewController.m */,
				932367D91AA5971B00D4322A /* OrderStatusViewController.h */,
				932367DA1AA5971B00D4322A /* OrderStatusViewController.m */,
				9363687D1A7B543800CD9042 /* Group.h */,
				9363687E1A7B543800CD9042 /* Group.m */,
				9363687A1A7B53E500CD9042 /* User.h */,
				9363687B1A7B53E500CD9042 /* User.m */,
				9363686C1A7B3FFE00CD9042 /* Order.h */,
				9363686D1A7B3FFE00CD9042 /* Order.m */,
				936368741A7B4AED00CD9042 /* MenuItem.h */,
				936368751A7B4AED00CD9042 /* MenuItem.m */,
				17213A2E1AA923DA000EDF66 /* RestaurantsTableViewController.h */,
				17213A2F1AA923EA000EDF66 /* RestaurantsTableViewController.m */,
				17213A311AA924C1000EDF66 /* Restaurants.h */,
				17213A321AA9251B000EDF66 /* Restaurants.m */,
				936368801A7EFF5900CD9042 /* Menu.h */,
				936368811A7EFF5900CD9042 /* Menu.m */,
				937033AC1A338DDF00BE3D60 /* AppDelegate.h */,
				937033AD1A338DDF00BE3D60 /* AppDelegate.m */,
				937033B21A338DDF00BE3D60 /* Main.storyboard */,
				937033B51A338DDF00BE3D60 /* Images.xcassets */,
				937033B71A338DDF00BE3D60 /* LaunchScreen.xib */,
				937033A81A338DDF00BE3D60 /* Supporting Files */,
				17213A2A1AA91F6D000EDF66 /* RestaurantTableViewCell.h */,
				17213A2B1AA92032000EDF66 /* RestaurantTableViewCell.m */,
			);
			path = Orderly;
			sourceTree = "<group>";
		};
		937033A81A338DDF00BE3D60 /* Supporting Files */ = {
			isa = PBXGroup;
			children = (
				937033A91A338DDF00BE3D60 /* Info.plist */,
				937033AA1A338DDF00BE3D60 /* main.m */,
			);
			name = "Supporting Files";
			sourceTree = "<group>";
		};
		937033C11A338DDF00BE3D60 /* OrderlyTests */ = {
			isa = PBXGroup;
			children = (
				937033C41A338DDF00BE3D60 /* OrderlyTests.m */,
				937033C21A338DDF00BE3D60 /* Supporting Files */,
			);
			path = OrderlyTests;
			sourceTree = "<group>";
		};
		937033C21A338DDF00BE3D60 /* Supporting Files */ = {
			isa = PBXGroup;
			children = (
				937033C31A338DDF00BE3D60 /* Info.plist */,
			);
			name = "Supporting Files";
			sourceTree = "<group>";
		};
/* End PBXGroup section */

/* Begin PBXNativeTarget section */
		937033A41A338DDE00BE3D60 /* OmniSplit */ = {
			isa = PBXNativeTarget;
			buildConfigurationList = 937033C81A338DDF00BE3D60 /* Build configuration list for PBXNativeTarget "OmniSplit" */;
			buildPhases = (
				937033A11A338DDE00BE3D60 /* Sources */,
				937033A21A338DDE00BE3D60 /* Frameworks */,
				937033A31A338DDE00BE3D60 /* Resources */,
			);
			buildRules = (
			);
			dependencies = (
			);
			name = OmniSplit;
			productName = Orderly;
			productReference = 937033A51A338DDF00BE3D60 /* OmniSplit.app */;
			productType = "com.apple.product-type.application";
		};
		937033BD1A338DDF00BE3D60 /* OmniSplitTests */ = {
			isa = PBXNativeTarget;
			buildConfigurationList = 937033CB1A338DDF00BE3D60 /* Build configuration list for PBXNativeTarget "OmniSplitTests" */;
			buildPhases = (
				937033BA1A338DDF00BE3D60 /* Sources */,
				937033BB1A338DDF00BE3D60 /* Frameworks */,
				937033BC1A338DDF00BE3D60 /* Resources */,
			);
			buildRules = (
			);
			dependencies = (
				937033C01A338DDF00BE3D60 /* PBXTargetDependency */,
			);
			name = OmniSplitTests;
			productName = OrderlyTests;
			productReference = 937033BE1A338DDF00BE3D60 /* OmniSplitTests.xctest */;
			productType = "com.apple.product-type.bundle.unit-test";
		};
/* End PBXNativeTarget section */

/* Begin PBXProject section */
		9370339D1A338DDE00BE3D60 /* Project object */ = {
			isa = PBXProject;
			attributes = {
				LastUpgradeCheck = 0610;
				ORGANIZATIONNAME = "Santa Clara University";
				TargetAttributes = {
					937033A41A338DDE00BE3D60 = {
						CreatedOnToolsVersion = 6.1;
					};
					937033BD1A338DDF00BE3D60 = {
						CreatedOnToolsVersion = 6.1;
						TestTargetID = 937033A41A338DDE00BE3D60;
					};
				};
			};
			buildConfigurationList = 937033A01A338DDE00BE3D60 /* Build configuration list for PBXProject "OmniSplit" */;
			compatibilityVersion = "Xcode 3.2";
			developmentRegion = English;
			hasScannedForEncodings = 0;
			knownRegions = (
				en,
				Base,
			);
			mainGroup = 9370339C1A338DDE00BE3D60;
			productRefGroup = 937033A61A338DDF00BE3D60 /* Products */;
			projectDirPath = "";
			projectRoot = "";
			targets = (
				937033A41A338DDE00BE3D60 /* OmniSplit */,
				937033BD1A338DDF00BE3D60 /* OmniSplitTests */,
			);
		};
/* End PBXProject section */

/* Begin PBXResourcesBuildPhase section */
		937033A31A338DDE00BE3D60 /* Resources */ = {
			isa = PBXResourcesBuildPhase;
			buildActionMask = 2147483647;
			files = (
				17C99A6A1AE0A442005B84C5 /* Main.storyboard in Resources */,
				937033B91A338DDF00BE3D60 /* LaunchScreen.xib in Resources */,
				937033B61A338DDF00BE3D60 /* Images.xcassets in Resources */,
			);
			runOnlyForDeploymentPostprocessing = 0;
		};
		937033BC1A338DDF00BE3D60 /* Resources */ = {
			isa = PBXResourcesBuildPhase;
			buildActionMask = 2147483647;
			files = (
			);
			runOnlyForDeploymentPostprocessing = 0;
		};
/* End PBXResourcesBuildPhase section */

/* Begin PBXSourcesBuildPhase section */
		937033A11A338DDE00BE3D60 /* Sources */ = {
			isa = PBXSourcesBuildPhase;
			buildActionMask = 2147483647;
			files = (
				93CAAC0D1AE08D2600094F3C /* SocketIOConnection.m in Sources */,
				17213A331AA9251B000EDF66 /* Restaurants.m in Sources */,
				17213A301AA923EA000EDF66 /* RestaurantsTableViewController.m in Sources */,
				9363687C1A7B53E500CD9042 /* User.m in Sources */,
				9363686E1A7B3FFE00CD9042 /* Order.m in Sources */,
				937033AE1A338DDF00BE3D60 /* AppDelegate.m in Sources */,
				93CAAC0F1AE08D2600094F3C /* SRWebSocket.m in Sources */,
				93CAAC0E1AE08D2600094F3C /* SIOSocket.m in Sources */,
				932367DB1AA5971B00D4322A /* OrderStatusViewController.m in Sources */,
				937033AB1A338DDF00BE3D60 /* main.m in Sources */,
				93BC50BB1A94541F00703156 /* MenuTableViewController.m in Sources */,
				936368761A7B4AED00CD9042 /* MenuItem.m in Sources */,
				936368821A7EFF5900CD9042 /* Menu.m in Sources */,
				932367D81AA3E2AD00D4322A /* ReviewOrderViewController.m in Sources */,
				17213A2C1AA92032000EDF66 /* RestaurantTableViewCell.m in Sources */,
				935030001A9C499D0032A622 /* RestaurantLandingPageViewController.m in Sources */,
				93BC50B21A848C1800703156 /* SearchRestaurantsViewController.m in Sources */,
				9363687F1A7B543800CD9042 /* Group.m in Sources */,
			);
			runOnlyForDeploymentPostprocessing = 0;
		};
		937033BA1A338DDF00BE3D60 /* Sources */ = {
			isa = PBXSourcesBuildPhase;
			buildActionMask = 2147483647;
			files = (
				937033C51A338DDF00BE3D60 /* OrderlyTests.m in Sources */,
			);
			runOnlyForDeploymentPostprocessing = 0;
		};
/* End PBXSourcesBuildPhase section */

/* Begin PBXTargetDependency section */
		937033C01A338DDF00BE3D60 /* PBXTargetDependency */ = {
			isa = PBXTargetDependency;
			target = 937033A41A338DDE00BE3D60 /* OmniSplit */;
			targetProxy = 937033BF1A338DDF00BE3D60 /* PBXContainerItemProxy */;
		};
/* End PBXTargetDependency section */

/* Begin PBXVariantGroup section */
		17C99A681AE0A442005B84C5 /* Main.storyboard */ = {
			isa = PBXVariantGroup;
			children = (
				17C99A691AE0A442005B84C5 /* Base */,
			);
			name = Main.storyboard;
			sourceTree = "<group>";
		};
		937033B21A338DDF00BE3D60 /* Main.storyboard */ = {
			isa = PBXVariantGroup;
			children = (
				937033B31A338DDF00BE3D60 /* Base */,
			);
			name = Main.storyboard;
			sourceTree = "<group>";
		};
		937033B71A338DDF00BE3D60 /* LaunchScreen.xib */ = {
			isa = PBXVariantGroup;
			children = (
				937033B81A338DDF00BE3D60 /* Base */,
			);
			name = LaunchScreen.xib;
			sourceTree = "<group>";
		};
/* End PBXVariantGroup section */

/* Begin XCBuildConfiguration section */
		937033C61A338DDF00BE3D60 /* Debug */ = {
			isa = XCBuildConfiguration;
			buildSettings = {
				ALWAYS_SEARCH_USER_PATHS = NO;
				CLANG_CXX_LANGUAGE_STANDARD = "gnu++0x";
				CLANG_CXX_LIBRARY = "libc++";
				CLANG_ENABLE_MODULES = YES;
				CLANG_ENABLE_OBJC_ARC = YES;
				CLANG_WARN_BOOL_CONVERSION = YES;
				CLANG_WARN_CONSTANT_CONVERSION = YES;
				CLANG_WARN_DIRECT_OBJC_ISA_USAGE = YES_ERROR;
				CLANG_WARN_EMPTY_BODY = YES;
				CLANG_WARN_ENUM_CONVERSION = YES;
				CLANG_WARN_INT_CONVERSION = YES;
				CLANG_WARN_OBJC_ROOT_CLASS = YES_ERROR;
				CLANG_WARN_UNREACHABLE_CODE = YES;
				CLANG_WARN__DUPLICATE_METHOD_MATCH = YES;
				"CODE_SIGN_IDENTITY[sdk=iphoneos*]" = "iPhone Developer";
				COPY_PHASE_STRIP = NO;
				ENABLE_STRICT_OBJC_MSGSEND = YES;
				GCC_C_LANGUAGE_STANDARD = gnu99;
				GCC_DYNAMIC_NO_PIC = NO;
				GCC_OPTIMIZATION_LEVEL = 0;
				GCC_PREPROCESSOR_DEFINITIONS = (
					"DEBUG=1",
					"$(inherited)",
				);
				GCC_SYMBOLS_PRIVATE_EXTERN = NO;
				GCC_WARN_64_TO_32_BIT_CONVERSION = YES;
				GCC_WARN_ABOUT_RETURN_TYPE = YES_ERROR;
				GCC_WARN_UNDECLARED_SELECTOR = YES;
				GCC_WARN_UNINITIALIZED_AUTOS = YES_AGGRESSIVE;
				GCC_WARN_UNUSED_FUNCTION = YES;
				GCC_WARN_UNUSED_VARIABLE = YES;
				IPHONEOS_DEPLOYMENT_TARGET = 8.1;
				MTL_ENABLE_DEBUG_INFO = YES;
				ONLY_ACTIVE_ARCH = YES;
				SDKROOT = iphoneos;
			};
			name = Debug;
		};
		937033C71A338DDF00BE3D60 /* Release */ = {
			isa = XCBuildConfiguration;
			buildSettings = {
				ALWAYS_SEARCH_USER_PATHS = NO;
				CLANG_CXX_LANGUAGE_STANDARD = "gnu++0x";
				CLANG_CXX_LIBRARY = "libc++";
				CLANG_ENABLE_MODULES = YES;
				CLANG_ENABLE_OBJC_ARC = YES;
				CLANG_WARN_BOOL_CONVERSION = YES;
				CLANG_WARN_CONSTANT_CONVERSION = YES;
				CLANG_WARN_DIRECT_OBJC_ISA_USAGE = YES_ERROR;
				CLANG_WARN_EMPTY_BODY = YES;
				CLANG_WARN_ENUM_CONVERSION = YES;
				CLANG_WARN_INT_CONVERSION = YES;
				CLANG_WARN_OBJC_ROOT_CLASS = YES_ERROR;
				CLANG_WARN_UNREACHABLE_CODE = YES;
				CLANG_WARN__DUPLICATE_METHOD_MATCH = YES;
				"CODE_SIGN_IDENTITY[sdk=iphoneos*]" = "iPhone Developer";
				COPY_PHASE_STRIP = YES;
				ENABLE_NS_ASSERTIONS = NO;
				ENABLE_STRICT_OBJC_MSGSEND = YES;
				GCC_C_LANGUAGE_STANDARD = gnu99;
				GCC_WARN_64_TO_32_BIT_CONVERSION = YES;
				GCC_WARN_ABOUT_RETURN_TYPE = YES_ERROR;
				GCC_WARN_UNDECLARED_SELECTOR = YES;
				GCC_WARN_UNINITIALIZED_AUTOS = YES_AGGRESSIVE;
				GCC_WARN_UNUSED_FUNCTION = YES;
				GCC_WARN_UNUSED_VARIABLE = YES;
				IPHONEOS_DEPLOYMENT_TARGET = 8.1;
				MTL_ENABLE_DEBUG_INFO = NO;
				SDKROOT = iphoneos;
				VALIDATE_PRODUCT = YES;
			};
			name = Release;
		};
		937033C91A338DDF00BE3D60 /* Debug */ = {
			isa = XCBuildConfiguration;
			buildSettings = {
				ASSETCATALOG_COMPILER_APPICON_NAME = AppIcon;
				INFOPLIST_FILE = Orderly/Info.plist;
				IPHONEOS_DEPLOYMENT_TARGET = 8.0;
				LD_RUNPATH_SEARCH_PATHS = "$(inherited) @executable_path/Frameworks";
				PRODUCT_NAME = OmniSplit;
			};
			name = Debug;
		};
		937033CA1A338DDF00BE3D60 /* Release */ = {
			isa = XCBuildConfiguration;
			buildSettings = {
				ASSETCATALOG_COMPILER_APPICON_NAME = AppIcon;
				INFOPLIST_FILE = Orderly/Info.plist;
				IPHONEOS_DEPLOYMENT_TARGET = 8.0;
				LD_RUNPATH_SEARCH_PATHS = "$(inherited) @executable_path/Frameworks";
				PRODUCT_NAME = OmniSplit;
			};
			name = Release;
		};
		937033CC1A338DDF00BE3D60 /* Debug */ = {
			isa = XCBuildConfiguration;
			buildSettings = {
				BUNDLE_LOADER = "$(TEST_HOST)";
				FRAMEWORK_SEARCH_PATHS = (
					"$(SDKROOT)/Developer/Library/Frameworks",
					"$(inherited)",
				);
				GCC_PREPROCESSOR_DEFINITIONS = (
					"DEBUG=1",
					"$(inherited)",
				);
				INFOPLIST_FILE = OrderlyTests/Info.plist;
				IPHONEOS_DEPLOYMENT_TARGET = 8.0;
				LD_RUNPATH_SEARCH_PATHS = "$(inherited) @executable_path/Frameworks @loader_path/Frameworks";
				PRODUCT_NAME = OmniSplitTests;
			};
			name = Debug;
		};
		937033CD1A338DDF00BE3D60 /* Release */ = {
			isa = XCBuildConfiguration;
			buildSettings = {
				BUNDLE_LOADER = "$(TEST_HOST)";
				FRAMEWORK_SEARCH_PATHS = (
					"$(SDKROOT)/Developer/Library/Frameworks",
					"$(inherited)",
				);
				INFOPLIST_FILE = OrderlyTests/Info.plist;
				IPHONEOS_DEPLOYMENT_TARGET = 8.0;
				LD_RUNPATH_SEARCH_PATHS = "$(inherited) @executable_path/Frameworks @loader_path/Frameworks";
				PRODUCT_NAME = OmniSplitTests;
			};
			name = Release;
		};
/* End XCBuildConfiguration section */

/* Begin XCConfigurationList section */
		937033A01A338DDE00BE3D60 /* Build configuration list for PBXProject "OmniSplit" */ = {
			isa = XCConfigurationList;
			buildConfigurations = (
				937033C61A338DDF00BE3D60 /* Debug */,
				937033C71A338DDF00BE3D60 /* Release */,
			);
			defaultConfigurationIsVisible = 0;
			defaultConfigurationName = Release;
		};
		937033C81A338DDF00BE3D60 /* Build configuration list for PBXNativeTarget "OmniSplit" */ = {
			isa = XCConfigurationList;
			buildConfigurations = (
				937033C91A338DDF00BE3D60 /* Debug */,
				937033CA1A338DDF00BE3D60 /* Release */,
			);
			defaultConfigurationIsVisible = 0;
			defaultConfigurationName = Release;
		};
		937033CB1A338DDF00BE3D60 /* Build configuration list for PBXNativeTarget "OmniSplitTests" */ = {
			isa = XCConfigurationList;
			buildConfigurations = (
				937033CC1A338DDF00BE3D60 /* Debug */,
				937033CD1A338DDF00BE3D60 /* Release */,
			);
			defaultConfigurationIsVisible = 0;
			defaultConfigurationName = Release;
		};
/* End XCConfigurationList section */
	};
	rootObject = 9370339D1A338DDE00BE3D60 /* Project object */;
}
